{
  "name": "@sniper-js/miniwx",
  "version": "0.0.1",
  "lockfileVersion": 1,
  "requires": true,
  "dependencies": {
    "@sniper-js/core": {
      "version": "0.0.1",
      "requires": {
        "@sniper-js/utils": "^0.0.1"
      },
      "dependencies": {
        "@sniper-js/utils": {
          "version": "0.0.1",
          "bundled": true,
          "dependencies": {
            "@sniper-js/core": {
              "bundled": true,
              "requires": {
                "@sniper-js/utils": "^0.0.1"
              },
              "dependencies": {
                "@sniper-js/utils": {
                  "version": "0.0.1",
                  "bundled": true,
                  "dependencies": {}
                }
              }
            }
          }
        }
      }
    },
    "@sniper-js/utils": {
      "version": "0.0.1",
      "dependencies": {
        "@sniper-js/core": {
          "bundled": true,
          "requires": {
            "@sniper-js/utils": "^0.0.1"
          },
          "dependencies": {}
        }
      }
    }
  }
}
