{
	"name": "@sniperjs/behavior-reporter",
	"version": "0.0.4-alpha.7",
	"lockfileVersion": 1,
	"requires": true,
	"dependencies": {
		"@sniperjs/utils": {
			"version": "0.0.4",
			"resolved": "https://registry.npmjs.org/@sniperjs/utils/-/utils-0.0.4.tgz",
			"integrity": "sha512-19lHW0BwBKyS2Dbmv+wSjrwVKtE6wb1Kw5IG112YVzBRDLaWFEsPHy2TJP4PhFDmbIlg27MoDMxmNqYyCxxKjg=="
		}
	}
}
