{
  "name": "@sniperjs/miniweb-error-reporter",
  "version": "0.1.13",
  "lockfileVersion": 1,
  "requires": true,
  "dependencies": {
    "@sniperjs/error-reporter": {
      "version": "0.1.13",
      "requires": {
        "@sniperjs/utils": "^0.1.13",
        "regenerator-runtime": "^0.13.5"
      },
      "dependencies": {
        "@sniperjs/utils": {
          "version": "0.1.13"
        },
        "regenerator-runtime": {
          "version": "0.13.5",
          "resolved": "https://registry.npmjs.org/regenerator-runtime/-/regenerator-runtime-0.13.5.tgz",
          "integrity": "sha512-ZS5w8CpKFinUzOwW3c83oPeVXoNsrLsaCoLtJvAClH135j/R77RuymhiSErhm2lKcwSCIpmvIWSbDkIfAqKQlA=="
        }
      }
    },
    "@sniperjs/utils": {
      "version": "0.1.13"
    },
    "axios": {
      "version": "0.21.1",
      "resolved": "https://repo.corp.qunar.com/artifactory/api/npm/npm-qunar/axios/download/axios-0.21.1.tgz",
      "integrity": "sha1-IlY0gZYvTWvemnbVFu8OXTwJsrg=",
      "requires": {
        "follow-redirects": "^1.10.0"
      }
    },
    "follow-redirects": {
      "version": "1.13.2",
      "resolved": "https://repo.corp.qunar.com/artifactory/api/npm/npm-qunar/follow-redirects/download/follow-redirects-1.13.2.tgz",
      "integrity": "sha1-3XPI7/wScoulz0JZ12DqX7g+MUc="
    }
  }
}
