{
	"name": "@sniperjs/web-reporter",
	"version": "0.0.1-alpha.0",
	"lockfileVersion": 1,
	"requires": true,
	"dependencies": {
		"@sniperjs/core": {
			"version": "0.0.3",
			"resolved": "https://registry.npmjs.org/@sniperjs/core/-/core-0.0.3.tgz",
			"integrity": "sha512-JqPQEOOhm6UoZ+VMCApDJfIPOY+I9Z0BEoVIpX4tZhPf2jXo9TNQbSSOQyQfqeZOdkl+a3qyUqQv3tjjN1+sZA=="
		},
		"@sniperjs/utils": {
			"version": "0.0.3",
			"resolved": "https://registry.npmjs.org/@sniperjs/utils/-/utils-0.0.3.tgz",
			"integrity": "sha512-NFT02/8obOE6CnBYaSO2s6d7+UpyBET9C/SIwbxH4OW8LsjCu0JBxXSty57lwQxtqDvlJFVv+tocwMcczIK0Ew=="
		},
		"reqwest": {
			"version": "2.0.5",
			"resolved": "https://registry.npmjs.org/reqwest/-/reqwest-2.0.5.tgz",
			"integrity": "sha1-APsVrEkYxBnKgrQ/JMeIguZgOaE="
		}
	}
}
